
Microsoft Visual Studio Solution File, Format Version 12.00
# Visual Studio Version 16
VisualStudioVersion = 16.0.29215.179
MinimumVisualStudioVersion = 10.0.40219.1
Project("{FAE04EC0-301F-11D3-BF4B-00C04F79EFBC}") = "GitTeamStats", "GitTeamStats\GitTeamStats.csproj", "{EA69D0E6-9EF2-4CE9-BBFE-9DF503F15395}"
EndProject
Global
	GlobalSection(SolutionConfigurationPlatforms) = preSolution
		Debug|Any CPU = Debug|Any CPU
		Release|Any CPU = Release|Any CPU
	EndGlobalSection
	GlobalSection(ProjectConfigurationPlatforms) = postSolution
		{EA69D0E6-9EF2-4CE9-BBFE-9DF503F15395}.Debug|Any CPU.ActiveCfg = Debug|Any CPU
		{EA69D0E6-9EF2-4CE9-BBFE-9DF503F15395}.Debug|Any CPU.Build.0 = Debug|Any CPU
		{EA69D0E6-9EF2-4CE9-BBFE-9DF503F15395}.Release|Any CPU.ActiveCfg = Release|Any CPU
		{EA69D0E6-9EF2-4CE9-BBFE-9DF503F15395}.Release|Any CPU.Build.0 = Release|Any CPU
	EndGlobalSection
	GlobalSection(SolutionProperties) = preSolution
		HideSolutionNode = FALSE
	EndGlobalSection
	GlobalSection(ExtensibilityGlobals) = postSolution
		SolutionGuid = {6E853378-3EE3-4AEB-8E5F-E067CF190ACB}
	EndGlobalSection
EndGlobal
